// !$*UTF8*$!
{
	archiveVersion = 1;
	classes = {
	};
	objectVersion = 55;
	objects = {

/* Begin PBXBuildFile section */
		90D4F22F282C9F6D003B7048 /* ClipboardLandingPageApp.swift in Sources */ = {isa = PBXBuildFile; fileRef = 90D4F21F282C9F6C003B7048 /* ClipboardLandingPageApp.swift */; };
		90D4F230282C9F6D003B7048 /* ClipboardLandingPageApp.swift in Sources */ = {isa = PBXBuildFile; fileRef = 90D4F21F282C9F6C003B7048 /* ClipboardLandingPageApp.swift */; };
		90D4F231282C9F6D003B7048 /* ContentView.swift in Sources */ = {isa = PBXBuildFile; fileRef = 90D4F220282C9F6C003B7048 /* ContentView.swift */; };
		90D4F232282C9F6D003B7048 /* ContentView.swift in Sources */ = {isa = PBXBuildFile; fileRef = 90D4F220282C9F6C003B7048 /* ContentView.swift */; };
		90D4F233282C9F6D003B7048 /* Assets.xcassets in Resources */ = {isa = PBXBuildFile; fileRef = 90D4F221282C9F6D003B7048 /* Assets.xcassets */; };
		90D4F234282C9F6D003B7048 /* Assets.xcassets in Resources */ = {isa = PBXBuildFile; fileRef = 90D4F221282C9F6D003B7048 /* Assets.xcassets */; };
		90D4F2412831CB74003B7048 /* BackgroundView.swift in Sources */ = {isa = PBXBuildFile; fileRef = 90D4F2402831CB74003B7048 /* BackgroundView.swift */; };
		90D4F2432831CBF3003B7048 /* LogoView.swift in Sources */ = {isa = PBXBuildFile; fileRef = 90D4F2422831CBF3003B7048 /* LogoView.swift */; };
		90D4F2452831CC6E003B7048 /* HeaderView.swift in Sources */ = {isa = PBXBuildFile; fileRef = 90D4F2442831CC6E003B7048 /* HeaderView.swift */; };
		90D4F2472831CD54003B7048 /* DownloadsView.swift in Sources */ = {isa = PBXBuildFile; fileRef = 90D4F2462831CD54003B7048 /* DownloadsView.swift */; };
		90D4F2492831CE16003B7048 /* DownloadButtonView.swift in Sources */ = {isa = PBXBuildFile; fileRef = 90D4F2482831CE16003B7048 /* DownloadButtonView.swift */; };
		90D4F24B2831CF92003B7048 /* SnippetsHeaderView.swift in Sources */ = {isa = PBXBuildFile; fileRef = 90D4F24A2831CF92003B7048 /* SnippetsHeaderView.swift */; };
		90D4F24D2831D057003B7048 /* SnippetsView.swift in Sources */ = {isa = PBXBuildFile; fileRef = 90D4F24C2831D057003B7048 /* SnippetsView.swift */; };
		90D4F24F2831D088003B7048 /* SnippetsImageView.swift in Sources */ = {isa = PBXBuildFile; fileRef = 90D4F24E2831D088003B7048 /* SnippetsImageView.swift */; };
		90D4F2512831D261003B7048 /* SnippetFeatureView.swift in Sources */ = {isa = PBXBuildFile; fileRef = 90D4F2502831D261003B7048 /* SnippetFeatureView.swift */; };
		90D4F2532831D373003B7048 /* AccessView.swift in Sources */ = {isa = PBXBuildFile; fileRef = 90D4F2522831D373003B7048 /* AccessView.swift */; };
		90D4F2552831D388003B7048 /* AccessHeaderView.swift in Sources */ = {isa = PBXBuildFile; fileRef = 90D4F2542831D388003B7048 /* AccessHeaderView.swift */; };
		90D4F2572831D434003B7048 /* AccessImageView.swift in Sources */ = {isa = PBXBuildFile; fileRef = 90D4F2562831D434003B7048 /* AccessImageView.swift */; };
		90D4F2592831D48C003B7048 /* SuperchargeView.swift in Sources */ = {isa = PBXBuildFile; fileRef = 90D4F2582831D48C003B7048 /* SuperchargeView.swift */; };
		90D4F25B2831D49E003B7048 /* SuperchargeHeaderView.swift in Sources */ = {isa = PBXBuildFile; fileRef = 90D4F25A2831D49E003B7048 /* SuperchargeHeaderView.swift */; };
		90D4F25D2831D532003B7048 /* MainView.swift in Sources */ = {isa = PBXBuildFile; fileRef = 90D4F25C2831D532003B7048 /* MainView.swift */; };
		90D4F25F2831D594003B7048 /* SuperchargeFeatureView.swift in Sources */ = {isa = PBXBuildFile; fileRef = 90D4F25E2831D594003B7048 /* SuperchargeFeatureView.swift */; };
		90D4F2612831D726003B7048 /* CompaniesView.swift in Sources */ = {isa = PBXBuildFile; fileRef = 90D4F2602831D726003B7048 /* CompaniesView.swift */; };
		90D4F2632831D763003B7048 /* CompanyLogoView.swift in Sources */ = {isa = PBXBuildFile; fileRef = 90D4F2622831D763003B7048 /* CompanyLogoView.swift */; };
		90D4F2652831D84F003B7048 /* ReminderView.swift in Sources */ = {isa = PBXBuildFile; fileRef = 90D4F2642831D84F003B7048 /* ReminderView.swift */; };
		90D4F2672831D863003B7048 /* ReminderHeaderView.swift in Sources */ = {isa = PBXBuildFile; fileRef = 90D4F2662831D863003B7048 /* ReminderHeaderView.swift */; };
		90D4F2692831D943003B7048 /* FooterView.swift in Sources */ = {isa = PBXBuildFile; fileRef = 90D4F2682831D943003B7048 /* FooterView.swift */; };
		90D4F26B2831D96D003B7048 /* FooterLogoView.swift in Sources */ = {isa = PBXBuildFile; fileRef = 90D4F26A2831D96D003B7048 /* FooterLogoView.swift */; };
/* End PBXBuildFile section */

/* Begin PBXFileReference section */
		90D4F21F282C9F6C003B7048 /* ClipboardLandingPageApp.swift */ = {isa = PBXFileReference; lastKnownFileType = sourcecode.swift; path = ClipboardLandingPageApp.swift; sourceTree = "<group>"; };
		90D4F220282C9F6C003B7048 /* ContentView.swift */ = {isa = PBXFileReference; lastKnownFileType = sourcecode.swift; path = ContentView.swift; sourceTree = "<group>"; };
		90D4F221282C9F6D003B7048 /* Assets.xcassets */ = {isa = PBXFileReference; lastKnownFileType = folder.assetcatalog; path = Assets.xcassets; sourceTree = "<group>"; };
		90D4F226282C9F6D003B7048 /* Clipboard Landing Page.app */ = {isa = PBXFileReference; explicitFileType = wrapper.application; includeInIndex = 0; path = "Clipboard Landing Page.app"; sourceTree = BUILT_PRODUCTS_DIR; };
		90D4F22C282C9F6D003B7048 /* Clipboard Landing Page.app */ = {isa = PBXFileReference; explicitFileType = wrapper.application; includeInIndex = 0; path = "Clipboard Landing Page.app"; sourceTree = BUILT_PRODUCTS_DIR; };
		90D4F22E282C9F6D003B7048 /* macOS.entitlements */ = {isa = PBXFileReference; lastKnownFileType = text.plist.entitlements; path = macOS.entitlements; sourceTree = "<group>"; };
		90D4F2402831CB74003B7048 /* BackgroundView.swift */ = {isa = PBXFileReference; lastKnownFileType = sourcecode.swift; path = BackgroundView.swift; sourceTree = "<group>"; };
		90D4F2422831CBF3003B7048 /* LogoView.swift */ = {isa = PBXFileReference; lastKnownFileType = sourcecode.swift; path = LogoView.swift; sourceTree = "<group>"; };
		90D4F2442831CC6E003B7048 /* HeaderView.swift */ = {isa = PBXFileReference; lastKnownFileType = sourcecode.swift; path = HeaderView.swift; sourceTree = "<group>"; };
		90D4F2462831CD54003B7048 /* DownloadsView.swift */ = {isa = PBXFileReference; lastKnownFileType = sourcecode.swift; path = DownloadsView.swift; sourceTree = "<group>"; };
		90D4F2482831CE16003B7048 /* DownloadButtonView.swift */ = {isa = PBXFileReference; lastKnownFileType = sourcecode.swift; path = DownloadButtonView.swift; sourceTree = "<group>"; };
		90D4F24A2831CF92003B7048 /* SnippetsHeaderView.swift */ = {isa = PBXFileReference; lastKnownFileType = sourcecode.swift; path = SnippetsHeaderView.swift; sourceTree = "<group>"; };
		90D4F24C2831D057003B7048 /* SnippetsView.swift */ = {isa = PBXFileReference; lastKnownFileType = sourcecode.swift; path = SnippetsView.swift; sourceTree = "<group>"; };
		90D4F24E2831D088003B7048 /* SnippetsImageView.swift */ = {isa = PBXFileReference; lastKnownFileType = sourcecode.swift; path = SnippetsImageView.swift; sourceTree = "<group>"; };
		90D4F2502831D261003B7048 /* SnippetFeatureView.swift */ = {isa = PBXFileReference; lastKnownFileType = sourcecode.swift; path = SnippetFeatureView.swift; sourceTree = "<group>"; };
		90D4F2522831D373003B7048 /* AccessView.swift */ = {isa = PBXFileReference; lastKnownFileType = sourcecode.swift; path = AccessView.swift; sourceTree = "<group>"; };
		90D4F2542831D388003B7048 /* AccessHeaderView.swift */ = {isa = PBXFileReference; lastKnownFileType = sourcecode.swift; path = AccessHeaderView.swift; sourceTree = "<group>"; };
		90D4F2562831D434003B7048 /* AccessImageView.swift */ = {isa = PBXFileReference; lastKnownFileType = sourcecode.swift; path = AccessImageView.swift; sourceTree = "<group>"; };
		90D4F2582831D48C003B7048 /* SuperchargeView.swift */ = {isa = PBXFileReference; lastKnownFileType = sourcecode.swift; path = SuperchargeView.swift; sourceTree = "<group>"; };
		90D4F25A2831D49E003B7048 /* SuperchargeHeaderView.swift */ = {isa = PBXFileReference; lastKnownFileType = sourcecode.swift; path = SuperchargeHeaderView.swift; sourceTree = "<group>"; };
		90D4F25C2831D532003B7048 /* MainView.swift */ = {isa = PBXFileReference; lastKnownFileType = sourcecode.swift; path = MainView.swift; sourceTree = "<group>"; };
		90D4F25E2831D594003B7048 /* SuperchargeFeatureView.swift */ = {isa = PBXFileReference; lastKnownFileType = sourcecode.swift; path = SuperchargeFeatureView.swift; sourceTree = "<group>"; };
		90D4F2602831D726003B7048 /* CompaniesView.swift */ = {isa = PBXFileReference; lastKnownFileType = sourcecode.swift; path = CompaniesView.swift; sourceTree = "<group>"; };
		90D4F2622831D763003B7048 /* CompanyLogoView.swift */ = {isa = PBXFileReference; lastKnownFileType = sourcecode.swift; path = CompanyLogoView.swift; sourceTree = "<group>"; };
		90D4F2642831D84F003B7048 /* ReminderView.swift */ = {isa = PBXFileReference; lastKnownFileType = sourcecode.swift; path = ReminderView.swift; sourceTree = "<group>"; };
		90D4F2662831D863003B7048 /* ReminderHeaderView.swift */ = {isa = PBXFileReference; lastKnownFileType = sourcecode.swift; path = ReminderHeaderView.swift; sourceTree = "<group>"; };
		90D4F2682831D943003B7048 /* FooterView.swift */ = {isa = PBXFileReference; lastKnownFileType = sourcecode.swift; path = FooterView.swift; sourceTree = "<group>"; };
		90D4F26A2831D96D003B7048 /* FooterLogoView.swift */ = {isa = PBXFileReference; lastKnownFileType = sourcecode.swift; path = FooterLogoView.swift; sourceTree = "<group>"; };
/* End PBXFileReference section */

/* Begin PBXFrameworksBuildPhase section */
		90D4F223282C9F6D003B7048 /* Frameworks */ = {
			isa = PBXFrameworksBuildPhase;
			buildActionMask = 2147483647;
			files = (
			);
			runOnlyForDeploymentPostprocessing = 0;
		};
		90D4F229282C9F6D003B7048 /* Frameworks */ = {
			isa = PBXFrameworksBuildPhase;
			buildActionMask = 2147483647;
			files = (
			);
			runOnlyForDeploymentPostprocessing = 0;
		};
/* End PBXFrameworksBuildPhase section */

/* Begin PBXGroup section */
		90D4F219282C9F6C003B7048 = {
			isa = PBXGroup;
			children = (
				90D4F21E282C9F6C003B7048 /* Shared */,
				90D4F22D282C9F6D003B7048 /* macOS */,
				90D4F227282C9F6D003B7048 /* Products */,
			);
			sourceTree = "<group>";
		};
		90D4F21E282C9F6C003B7048 /* Shared */ = {
			isa = PBXGroup;
			children = (
				90D4F23F282C9F8B003B7048 /* Models */,
				90D4F23E282C9F86003B7048 /* Views */,
				90D4F23D282C9F7E003B7048 /* App */,
			);
			path = Shared;
			sourceTree = "<group>";
		};
		90D4F227282C9F6D003B7048 /* Products */ = {
			isa = PBXGroup;
			children = (
				90D4F226282C9F6D003B7048 /* Clipboard Landing Page.app */,
				90D4F22C282C9F6D003B7048 /* Clipboard Landing Page.app */,
			);
			name = Products;
			sourceTree = "<group>";
		};
		90D4F22D282C9F6D003B7048 /* macOS */ = {
			isa = PBXGroup;
			children = (
				90D4F22E282C9F6D003B7048 /* macOS.entitlements */,
			);
			path = macOS;
			sourceTree = "<group>";
		};
		90D4F23D282C9F7E003B7048 /* App */ = {
			isa = PBXGroup;
			children = (
				90D4F21F282C9F6C003B7048 /* ClipboardLandingPageApp.swift */,
				90D4F221282C9F6D003B7048 /* Assets.xcassets */,
			);
			path = App;
			sourceTree = "<group>";
		};
		90D4F23E282C9F86003B7048 /* Views */ = {
			isa = PBXGroup;
			children = (
				90D4F220282C9F6C003B7048 /* ContentView.swift */,
				90D4F2402831CB74003B7048 /* BackgroundView.swift */,
				90D4F2422831CBF3003B7048 /* LogoView.swift */,
				90D4F2442831CC6E003B7048 /* HeaderView.swift */,
				90D4F2462831CD54003B7048 /* DownloadsView.swift */,
				90D4F2482831CE16003B7048 /* DownloadButtonView.swift */,
				90D4F24A2831CF92003B7048 /* SnippetsHeaderView.swift */,
				90D4F24C2831D057003B7048 /* SnippetsView.swift */,
				90D4F24E2831D088003B7048 /* SnippetsImageView.swift */,
				90D4F2502831D261003B7048 /* SnippetFeatureView.swift */,
				90D4F2522831D373003B7048 /* AccessView.swift */,
				90D4F2542831D388003B7048 /* AccessHeaderView.swift */,
				90D4F2562831D434003B7048 /* AccessImageView.swift */,
				90D4F2582831D48C003B7048 /* SuperchargeView.swift */,
				90D4F25A2831D49E003B7048 /* SuperchargeHeaderView.swift */,
				90D4F25C2831D532003B7048 /* MainView.swift */,
				90D4F25E2831D594003B7048 /* SuperchargeFeatureView.swift */,
				90D4F2602831D726003B7048 /* CompaniesView.swift */,
				90D4F2622831D763003B7048 /* CompanyLogoView.swift */,
				90D4F2642831D84F003B7048 /* ReminderView.swift */,
				90D4F2662831D863003B7048 /* ReminderHeaderView.swift */,
				90D4F2682831D943003B7048 /* FooterView.swift */,
				90D4F26A2831D96D003B7048 /* FooterLogoView.swift */,
			);
			path = Views;
			sourceTree = "<group>";
		};
		90D4F23F282C9F8B003B7048 /* Models */ = {
			isa = PBXGroup;
			children = (
			);
			path = Models;
			sourceTree = "<group>";
		};
/* End PBXGroup section */

/* Begin PBXNativeTarget section */
		90D4F225282C9F6D003B7048 /* Clipboard Landing Page (iOS) */ = {
			isa = PBXNativeTarget;
			buildConfigurationList = 90D4F237282C9F6D003B7048 /* Build configuration list for PBXNativeTarget "Clipboard Landing Page (iOS)" */;
			buildPhases = (
				90D4F222282C9F6D003B7048 /* Sources */,
				90D4F223282C9F6D003B7048 /* Frameworks */,
				90D4F224282C9F6D003B7048 /* Resources */,
			);
			buildRules = (
			);
			dependencies = (
			);
			name = "Clipboard Landing Page (iOS)";
			productName = "ClipboardLandingPage (iOS)";
			productReference = 90D4F226282C9F6D003B7048 /* Clipboard Landing Page.app */;
			productType = "com.apple.product-type.application";
		};
		90D4F22B282C9F6D003B7048 /* Clipboard Landing Page (macOS) */ = {
			isa = PBXNativeTarget;
			buildConfigurationList = 90D4F23A282C9F6D003B7048 /* Build configuration list for PBXNativeTarget "Clipboard Landing Page (macOS)" */;
			buildPhases = (
				90D4F228282C9F6D003B7048 /* Sources */,
				90D4F229282C9F6D003B7048 /* Frameworks */,
				90D4F22A282C9F6D003B7048 /* Resources */,
			);
			buildRules = (
			);
			dependencies = (
			);
			name = "Clipboard Landing Page (macOS)";
			productName = "ClipboardLandingPage (macOS)";
			productReference = 90D4F22C282C9F6D003B7048 /* Clipboard Landing Page.app */;
			productType = "com.apple.product-type.application";
		};
/* End PBXNativeTarget section */

/* Begin PBXProject section */
		90D4F21A282C9F6C003B7048 /* Project object */ = {
			isa = PBXProject;
			attributes = {
				BuildIndependentTargetsInParallel = 1;
				LastSwiftUpdateCheck = 1330;
				LastUpgradeCheck = 1330;
				TargetAttributes = {
					90D4F225282C9F6D003B7048 = {
						CreatedOnToolsVersion = 13.3.1;
					};
					90D4F22B282C9F6D003B7048 = {
						CreatedOnToolsVersion = 13.3.1;
					};
				};
			};
			buildConfigurationList = 90D4F21D282C9F6C003B7048 /* Build configuration list for PBXProject "Clipboard Landing Page" */;
			compatibilityVersion = "Xcode 13.0";
			developmentRegion = en;
			hasScannedForEncodings = 0;
			knownRegions = (
				en,
				Base,
			);
			mainGroup = 90D4F219282C9F6C003B7048;
			productRefGroup = 90D4F227282C9F6D003B7048 /* Products */;
			projectDirPath = "";
			projectRoot = "";
			targets = (
				90D4F225282C9F6D003B7048 /* Clipboard Landing Page (iOS) */,
				90D4F22B282C9F6D003B7048 /* Clipboard Landing Page (macOS) */,
			);
		};
/* End PBXProject section */

/* Begin PBXResourcesBuildPhase section */
		90D4F224282C9F6D003B7048 /* Resources */ = {
			isa = PBXResourcesBuildPhase;
			buildActionMask = 2147483647;
			files = (
				90D4F233282C9F6D003B7048 /* Assets.xcassets in Resources */,
			);
			runOnlyForDeploymentPostprocessing = 0;
		};
		90D4F22A282C9F6D003B7048 /* Resources */ = {
			isa = PBXResourcesBuildPhase;
			buildActionMask = 2147483647;
			files = (
				90D4F234282C9F6D003B7048 /* Assets.xcassets in Resources */,
			);
			runOnlyForDeploymentPostprocessing = 0;
		};
/* End PBXResourcesBuildPhase section */

/* Begin PBXSourcesBuildPhase section */
		90D4F222282C9F6D003B7048 /* Sources */ = {
			isa = PBXSourcesBuildPhase;
			buildActionMask = 2147483647;
			files = (
				90D4F2612831D726003B7048 /* CompaniesView.swift in Sources */,
				90D4F24F2831D088003B7048 /* SnippetsImageView.swift in Sources */,
				90D4F24D2831D057003B7048 /* SnippetsView.swift in Sources */,
				90D4F2632831D763003B7048 /* CompanyLogoView.swift in Sources */,
				90D4F2592831D48C003B7048 /* SuperchargeView.swift in Sources */,
				90D4F25B2831D49E003B7048 /* SuperchargeHeaderView.swift in Sources */,
				90D4F2552831D388003B7048 /* AccessHeaderView.swift in Sources */,
				90D4F2492831CE16003B7048 /* DownloadButtonView.swift in Sources */,
				90D4F2572831D434003B7048 /* AccessImageView.swift in Sources */,
				90D4F2452831CC6E003B7048 /* HeaderView.swift in Sources */,
				90D4F26B2831D96D003B7048 /* FooterLogoView.swift in Sources */,
				90D4F2532831D373003B7048 /* AccessView.swift in Sources */,
				90D4F2672831D863003B7048 /* ReminderHeaderView.swift in Sources */,
				90D4F2412831CB74003B7048 /* BackgroundView.swift in Sources */,
				90D4F2512831D261003B7048 /* SnippetFeatureView.swift in Sources */,
				90D4F25F2831D594003B7048 /* SuperchargeFeatureView.swift in Sources */,
				90D4F25D2831D532003B7048 /* MainView.swift in Sources */,
				90D4F2432831CBF3003B7048 /* LogoView.swift in Sources */,
				90D4F231282C9F6D003B7048 /* ContentView.swift in Sources */,
				90D4F2652831D84F003B7048 /* ReminderView.swift in Sources */,
				90D4F2472831CD54003B7048 /* DownloadsView.swift in Sources */,
				90D4F24B2831CF92003B7048 /* SnippetsHeaderView.swift in Sources */,
				90D4F22F282C9F6D003B7048 /* ClipboardLandingPageApp.swift in Sources */,
				90D4F2692831D943003B7048 /* FooterView.swift in Sources */,
			);
			runOnlyForDeploymentPostprocessing = 0;
		};
		90D4F228282C9F6D003B7048 /* Sources */ = {
			isa = PBXSourcesBuildPhase;
			buildActionMask = 2147483647;
			files = (
				90D4F232282C9F6D003B7048 /* ContentView.swift in Sources */,
				90D4F230282C9F6D003B7048 /* ClipboardLandingPageApp.swift in Sources */,
			);
			runOnlyForDeploymentPostprocessing = 0;
		};
/* End PBXSourcesBuildPhase section */

/* Begin XCBuildConfiguration section */
		90D4F235282C9F6D003B7048 /* Debug */ = {
			isa = XCBuildConfiguration;
			buildSettings = {
				ALWAYS_SEARCH_USER_PATHS = NO;
				CLANG_ANALYZER_NONNULL = YES;
				CLANG_ANALYZER_NUMBER_OBJECT_CONVERSION = YES_AGGRESSIVE;
				CLANG_CXX_LANGUAGE_STANDARD = "gnu++17";
				CLANG_ENABLE_MODULES = YES;
				CLANG_ENABLE_OBJC_ARC = YES;
				CLANG_ENABLE_OBJC_WEAK = YES;
				CLANG_WARN_BLOCK_CAPTURE_AUTORELEASING = YES;
				CLANG_WARN_BOOL_CONVERSION = YES;
				CLANG_WARN_COMMA = YES;
				CLANG_WARN_CONSTANT_CONVERSION = YES;
				CLANG_WARN_DEPRECATED_OBJC_IMPLEMENTATIONS = YES;
				CLANG_WARN_DIRECT_OBJC_ISA_USAGE = YES_ERROR;
				CLANG_WARN_DOCUMENTATION_COMMENTS = YES;
				CLANG_WARN_EMPTY_BODY = YES;
				CLANG_WARN_ENUM_CONVERSION = YES;
				CLANG_WARN_INFINITE_RECURSION = YES;
				CLANG_WARN_INT_CONVERSION = YES;
				CLANG_WARN_NON_LITERAL_NULL_CONVERSION = YES;
				CLANG_WARN_OBJC_IMPLICIT_RETAIN_SELF = YES;
				CLANG_WARN_OBJC_LITERAL_CONVERSION = YES;
				CLANG_WARN_OBJC_ROOT_CLASS = YES_ERROR;
				CLANG_WARN_QUOTED_INCLUDE_IN_FRAMEWORK_HEADER = YES;
				CLANG_WARN_RANGE_LOOP_ANALYSIS = YES;
				CLANG_WARN_STRICT_PROTOTYPES = YES;
				CLANG_WARN_SUSPICIOUS_MOVE = YES;
				CLANG_WARN_UNGUARDED_AVAILABILITY = YES_AGGRESSIVE;
				CLANG_WARN_UNREACHABLE_CODE = YES;
				CLANG_WARN__DUPLICATE_METHOD_MATCH = YES;
				COPY_PHASE_STRIP = NO;
				DEBUG_INFORMATION_FORMAT = dwarf;
				ENABLE_STRICT_OBJC_MSGSEND = YES;
				ENABLE_TESTABILITY = YES;
				GCC_C_LANGUAGE_STANDARD = gnu11;
				GCC_DYNAMIC_NO_PIC = NO;
				GCC_NO_COMMON_BLOCKS = YES;
				GCC_OPTIMIZATION_LEVEL = 0;
				GCC_PREPROCESSOR_DEFINITIONS = (
					"DEBUG=1",
					"$(inherited)",
				);
				GCC_WARN_64_TO_32_BIT_CONVERSION = YES;
				GCC_WARN_ABOUT_RETURN_TYPE = YES_ERROR;
				GCC_WARN_UNDECLARED_SELECTOR = YES;
				GCC_WARN_UNINITIALIZED_AUTOS = YES_AGGRESSIVE;
				GCC_WARN_UNUSED_FUNCTION = YES;
				GCC_WARN_UNUSED_VARIABLE = YES;
				IPHONEOS_DEPLOYMENT_TARGET = 15.4;
				MACOSX_DEPLOYMENT_TARGET = 12.3;
				MTL_ENABLE_DEBUG_INFO = INCLUDE_SOURCE;
				MTL_FAST_MATH = YES;
				ONLY_ACTIVE_ARCH = YES;
				SWIFT_ACTIVE_COMPILATION_CONDITIONS = DEBUG;
				SWIFT_OPTIMIZATION_LEVEL = "-Onone";
			};
			name = Debug;
		};
		90D4F236282C9F6D003B7048 /* Release */ = {
			isa = XCBuildConfiguration;
			buildSettings = {
				ALWAYS_SEARCH_USER_PATHS = NO;
				CLANG_ANALYZER_NONNULL = YES;
				CLANG_ANALYZER_NUMBER_OBJECT_CONVERSION = YES_AGGRESSIVE;
				CLANG_CXX_LANGUAGE_STANDARD = "gnu++17";
				CLANG_ENABLE_MODULES = YES;
				CLANG_ENABLE_OBJC_ARC = YES;
				CLANG_ENABLE_OBJC_WEAK = YES;
				CLANG_WARN_BLOCK_CAPTURE_AUTORELEASING = YES;
				CLANG_WARN_BOOL_CONVERSION = YES;
				CLANG_WARN_COMMA = YES;
				CLANG_WARN_CONSTANT_CONVERSION = YES;
				CLANG_WARN_DEPRECATED_OBJC_IMPLEMENTATIONS = YES;
				CLANG_WARN_DIRECT_OBJC_ISA_USAGE = YES_ERROR;
				CLANG_WARN_DOCUMENTATION_COMMENTS = YES;
				CLANG_WARN_EMPTY_BODY = YES;
				CLANG_WARN_ENUM_CONVERSION = YES;
				CLANG_WARN_INFINITE_RECURSION = YES;
				CLANG_WARN_INT_CONVERSION = YES;
				CLANG_WARN_NON_LITERAL_NULL_CONVERSION = YES;
				CLANG_WARN_OBJC_IMPLICIT_RETAIN_SELF = YES;
				CLANG_WARN_OBJC_LITERAL_CONVERSION = YES;
				CLANG_WARN_OBJC_ROOT_CLASS = YES_ERROR;
				CLANG_WARN_QUOTED_INCLUDE_IN_FRAMEWORK_HEADER = YES;
				CLANG_WARN_RANGE_LOOP_ANALYSIS = YES;
				CLANG_WARN_STRICT_PROTOTYPES = YES;
				CLANG_WARN_SUSPICIOUS_MOVE = YES;
				CLANG_WARN_UNGUARDED_AVAILABILITY = YES_AGGRESSIVE;
				CLANG_WARN_UNREACHABLE_CODE = YES;
				CLANG_WARN__DUPLICATE_METHOD_MATCH = YES;
				COPY_PHASE_STRIP = NO;
				DEBUG_INFORMATION_FORMAT = "dwarf-with-dsym";
				ENABLE_NS_ASSERTIONS = NO;
				ENABLE_STRICT_OBJC_MSGSEND = YES;
				GCC_C_LANGUAGE_STANDARD = gnu11;
				GCC_NO_COMMON_BLOCKS = YES;
				GCC_WARN_64_TO_32_BIT_CONVERSION = YES;
				GCC_WARN_ABOUT_RETURN_TYPE = YES_ERROR;
				GCC_WARN_UNDECLARED_SELECTOR = YES;
				GCC_WARN_UNINITIALIZED_AUTOS = YES_AGGRESSIVE;
				GCC_WARN_UNUSED_FUNCTION = YES;
				GCC_WARN_UNUSED_VARIABLE = YES;
				IPHONEOS_DEPLOYMENT_TARGET = 15.4;
				MACOSX_DEPLOYMENT_TARGET = 12.3;
				MTL_ENABLE_DEBUG_INFO = NO;
				MTL_FAST_MATH = YES;
				SWIFT_COMPILATION_MODE = wholemodule;
				SWIFT_OPTIMIZATION_LEVEL = "-O";
			};
			name = Release;
		};
		90D4F238282C9F6D003B7048 /* Debug */ = {
			isa = XCBuildConfiguration;
			buildSettings = {
				ASSETCATALOG_COMPILER_APPICON_NAME = AppIcon;
				ASSETCATALOG_COMPILER_GLOBAL_ACCENT_COLOR_NAME = AccentColor;
				CODE_SIGN_STYLE = Automatic;
				CURRENT_PROJECT_VERSION = 1;
				DEVELOPMENT_TEAM = 862P2X6G9G;
				ENABLE_PREVIEWS = YES;
				GENERATE_INFOPLIST_FILE = YES;
				INFOPLIST_KEY_UIApplicationSceneManifest_Generation = YES;
				INFOPLIST_KEY_UIApplicationSupportsIndirectInputEvents = YES;
				INFOPLIST_KEY_UILaunchScreen_Generation = YES;
				INFOPLIST_KEY_UISupportedInterfaceOrientations_iPad = "UIInterfaceOrientationPortrait UIInterfaceOrientationPortraitUpsideDown UIInterfaceOrientationLandscapeLeft UIInterfaceOrientationLandscapeRight";
				INFOPLIST_KEY_UISupportedInterfaceOrientations_iPhone = "UIInterfaceOrientationPortrait UIInterfaceOrientationLandscapeLeft UIInterfaceOrientationLandscapeRight";
				IPHONEOS_DEPLOYMENT_TARGET = 15.4;
				LD_RUNPATH_SEARCH_PATHS = (
					"$(inherited)",
					"@executable_path/Frameworks",
				);
				MARKETING_VERSION = 1.0;
				PRODUCT_BUNDLE_IDENTIFIER = me.jinwook.kim.ClipboardLandingPage;
				PRODUCT_NAME = "Clipboard Landing Page";
				SDKROOT = iphoneos;
				SWIFT_EMIT_LOC_STRINGS = YES;
				SWIFT_VERSION = 5.0;
				TARGETED_DEVICE_FAMILY = "1,2";
			};
			name = Debug;
		};
		90D4F239282C9F6D003B7048 /* Release */ = {
			isa = XCBuildConfiguration;
			buildSettings = {
				ASSETCATALOG_COMPILER_APPICON_NAME = AppIcon;
				ASSETCATALOG_COMPILER_GLOBAL_ACCENT_COLOR_NAME = AccentColor;
				CODE_SIGN_STYLE = Automatic;
				CURRENT_PROJECT_VERSION = 1;
				DEVELOPMENT_TEAM = 862P2X6G9G;
				ENABLE_PREVIEWS = YES;
				GENERATE_INFOPLIST_FILE = YES;
				INFOPLIST_KEY_UIApplicationSceneManifest_Generation = YES;
				INFOPLIST_KEY_UIApplicationSupportsIndirectInputEvents = YES;
				INFOPLIST_KEY_UILaunchScreen_Generation = YES;
				INFOPLIST_KEY_UISupportedInterfaceOrientations_iPad = "UIInterfaceOrientationPortrait UIInterfaceOrientationPortraitUpsideDown UIInterfaceOrientationLandscapeLeft UIInterfaceOrientationLandscapeRight";
				INFOPLIST_KEY_UISupportedInterfaceOrientations_iPhone = "UIInterfaceOrientationPortrait UIInterfaceOrientationLandscapeLeft UIInterfaceOrientationLandscapeRight";
				IPHONEOS_DEPLOYMENT_TARGET = 15.4;
				LD_RUNPATH_SEARCH_PATHS = (
					"$(inherited)",
					"@executable_path/Frameworks",
				);
				MARKETING_VERSION = 1.0;
				PRODUCT_BUNDLE_IDENTIFIER = me.jinwook.kim.ClipboardLandingPage;
				PRODUCT_NAME = "Clipboard Landing Page";
				SDKROOT = iphoneos;
				SWIFT_EMIT_LOC_STRINGS = YES;
				SWIFT_VERSION = 5.0;
				TARGETED_DEVICE_FAMILY = "1,2";
				VALIDATE_PRODUCT = YES;
			};
			name = Release;
		};
		90D4F23B282C9F6D003B7048 /* Debug */ = {
			isa = XCBuildConfiguration;
			buildSettings = {
				ASSETCATALOG_COMPILER_APPICON_NAME = AppIcon;
				ASSETCATALOG_COMPILER_GLOBAL_ACCENT_COLOR_NAME = AccentColor;
				CODE_SIGN_ENTITLEMENTS = macOS/macOS.entitlements;
				CODE_SIGN_STYLE = Automatic;
				COMBINE_HIDPI_IMAGES = YES;
				CURRENT_PROJECT_VERSION = 1;
				DEVELOPMENT_TEAM = 862P2X6G9G;
				ENABLE_HARDENED_RUNTIME = YES;
				ENABLE_PREVIEWS = YES;
				GENERATE_INFOPLIST_FILE = YES;
				INFOPLIST_KEY_NSHumanReadableCopyright = "";
				LD_RUNPATH_SEARCH_PATHS = (
					"$(inherited)",
					"@executable_path/../Frameworks",
				);
				MACOSX_DEPLOYMENT_TARGET = 12.3;
				MARKETING_VERSION = 1.0;
				PRODUCT_BUNDLE_IDENTIFIER = me.jinwook.kim.ClipboardLandingPage;
				PRODUCT_NAME = "Clipboard Landing Page";
				SDKROOT = macosx;
				SWIFT_EMIT_LOC_STRINGS = YES;
				SWIFT_VERSION = 5.0;
			};
			name = Debug;
		};
		90D4F23C282C9F6D003B7048 /* Release */ = {
			isa = XCBuildConfiguration;
			buildSettings = {
				ASSETCATALOG_COMPILER_APPICON_NAME = AppIcon;
				ASSETCATALOG_COMPILER_GLOBAL_ACCENT_COLOR_NAME = AccentColor;
				CODE_SIGN_ENTITLEMENTS = macOS/macOS.entitlements;
				CODE_SIGN_STYLE = Automatic;
				COMBINE_HIDPI_IMAGES = YES;
				CURRENT_PROJECT_VERSION = 1;
				DEVELOPMENT_TEAM = 862P2X6G9G;
				ENABLE_HARDENED_RUNTIME = YES;
				ENABLE_PREVIEWS = YES;
				GENERATE_INFOPLIST_FILE = YES;
				INFOPLIST_KEY_NSHumanReadableCopyright = "";
				LD_RUNPATH_SEARCH_PATHS = (
					"$(inherited)",
					"@executable_path/../Frameworks",
				);
				MACOSX_DEPLOYMENT_TARGET = 12.3;
				MARKETING_VERSION = 1.0;
				PRODUCT_BUNDLE_IDENTIFIER = me.jinwook.kim.ClipboardLandingPage;
				PRODUCT_NAME = "Clipboard Landing Page";
				SDKROOT = macosx;
				SWIFT_EMIT_LOC_STRINGS = YES;
				SWIFT_VERSION = 5.0;
			};
			name = Release;
		};
/* End XCBuildConfiguration section */

/* Begin XCConfigurationList section */
		90D4F21D282C9F6C003B7048 /* Build configuration list for PBXProject "Clipboard Landing Page" */ = {
			isa = XCConfigurationList;
			buildConfigurations = (
				90D4F235282C9F6D003B7048 /* Debug */,
				90D4F236282C9F6D003B7048 /* Release */,
			);
			defaultConfigurationIsVisible = 0;
			defaultConfigurationName = Release;
		};
		90D4F237282C9F6D003B7048 /* Build configuration list for PBXNativeTarget "Clipboard Landing Page (iOS)" */ = {
			isa = XCConfigurationList;
			buildConfigurations = (
				90D4F238282C9F6D003B7048 /* Debug */,
				90D4F239282C9F6D003B7048 /* Release */,
			);
			defaultConfigurationIsVisible = 0;
			defaultConfigurationName = Release;
		};
		90D4F23A282C9F6D003B7048 /* Build configuration list for PBXNativeTarget "Clipboard Landing Page (macOS)" */ = {
			isa = XCConfigurationList;
			buildConfigurations = (
				90D4F23B282C9F6D003B7048 /* Debug */,
				90D4F23C282C9F6D003B7048 /* Release */,
			);
			defaultConfigurationIsVisible = 0;
			defaultConfigurationName = Release;
		};
/* End XCConfigurationList section */
	};
	rootObject = 90D4F21A282C9F6C003B7048 /* Project object */;
}
